PODS:
  - Category (0.0.6)
  - CocoaAsyncSocket (7.3.5)
  - CocoaHTTPServer (2.3):
    - CocoaAsyncSocket
    - CocoaLumberjack
  - CocoaLumberjack (1.8.1):
    - CocoaLumberjack/Extensions
  - CocoaLumberjack/Core (1.8.1)
  - CocoaLumberjack/Extensions (1.8.1):
    - CocoaLumberjack/Core
  - Macro (0.0.6)
  - Tool (0.0.5)

DEPENDENCIES:
  - Category (from `LocalPods/Basic/Category`)
  - CocoaHTTPServer (~> 2.3)
  - Macro (from `LocalPods/Basic/Macro`)
  - Tool (from `LocalPods/Basic/Tool`)

EXTERNAL SOURCES:
  Category:
    :path: LocalPods/Basic/Category
  Macro:
    :path: LocalPods/Basic/Macro
  Tool:
    :path: LocalPods/Basic/Tool

SPEC CHECKSUMS:
  Category: 25c8b46187e3226e0a12cd83f43e5d5690092cb2
  CocoaAsyncSocket: a3b6de9958961578b36eabb8e921efd95b13d80c
  CocoaHTTPServer: 7c2fce6617f7fda0e3f4fc34f96e562caa7c7bd8
  CocoaLumberjack: 020378ec400d658923bf5887178394f65f052c90
  Macro: ff5f5ae92ef9eaf32e1814babef641f15ada1d06
  Tool: 889a58980d5e3b3ec5707a57f83b307e8e365330

COCOAPODS: 0.32.1
